// !$*UTF8*$!
{
	archiveVersion = 1;
	classes = {
	};
	objectVersion = 42;
	objects = {

/* Begin PBXBuildFile section */
		4B53CC7507C0D83B007E636C /* AEffect.h in Headers */ = {isa = PBXBuildFile; fileRef = 4B53CC6407C0D83B007E636C /* AEffect.h */; };
		4B53CC7607C0D83B007E636C /* aeffectx.h in Headers */ = {isa = PBXBuildFile; fileRef = 4B53CC6507C0D83B007E636C /* aeffectx.h */; };
		4B53CC7707C0D83B007E636C /* AEffEditor.hpp in Headers */ = {isa = PBXBuildFile; fileRef = 4B53CC6607C0D83B007E636C /* AEffEditor.hpp */; };
		4B53CC7807C0D83B007E636C /* aeffguieditor.cpp in Sources */ = {isa = PBXBuildFile; fileRef = 4B53CC6707C0D83B007E636C /* aeffguieditor.cpp */; };
		4B53CC7907C0D83B007E636C /* aeffguieditor.h in Headers */ = {isa = PBXBuildFile; fileRef = 4B53CC6807C0D83B007E636C /* aeffguieditor.h */; };
		4B53CC7A07C0D83B007E636C /* AudioEffect.cpp in Sources */ = {isa = PBXBuildFile; fileRef = 4B53CC6907C0D83B007E636C /* AudioEffect.cpp */; };
		4B53CC7B07C0D83B007E636C /* AudioEffect.hpp in Headers */ = {isa = PBXBuildFile; fileRef = 4B53CC6A07C0D83B007E636C /* AudioEffect.hpp */; };
		4B53CC7C07C0D83B007E636C /* audioeffectx.cpp in Sources */ = {isa = PBXBuildFile; fileRef = 4B53CC6B07C0D83B007E636C /* audioeffectx.cpp */; };
		4B53CC7D07C0D83B007E636C /* audioeffectx.h in Headers */ = {isa = PBXBuildFile; fileRef = 4B53CC6C07C0D83B007E636C /* audioeffectx.h */; };
		4B53CC7E07C0D83B007E636C /* vstcontrols.cpp in Sources */ = {isa = PBXBuildFile; fileRef = 4B53CC6D07C0D83B007E636C /* vstcontrols.cpp */; };
		4B53CC7F07C0D83B007E636C /* vstcontrols.h in Headers */ = {isa = PBXBuildFile; fileRef = 4B53CC6E07C0D83B007E636C /* vstcontrols.h */; };
		4B53CC8007C0D83B007E636C /* vstfxstore.h in Headers */ = {isa = PBXBuildFile; fileRef = 4B53CC6F07C0D83B007E636C /* vstfxstore.h */; };
		4B53CC8107C0D83B007E636C /* vstgui.cpp in Sources */ = {isa = PBXBuildFile; fileRef = 4B53CC7007C0D83B007E636C /* vstgui.cpp */; };
		4B53CC8207C0D83B007E636C /* vstgui.h in Headers */ = {isa = PBXBuildFile; fileRef = 4B53CC7107C0D83B007E636C /* vstgui.h */; };
		4B53CC8307C0D83B007E636C /* vstplugscarbon.h in Headers */ = {isa = PBXBuildFile; fileRef = 4B53CC7207C0D83B007E636C /* vstplugscarbon.h */; };
		4B53CC8407C0D83B007E636C /* vstplugsmac.h in Headers */ = {isa = PBXBuildFile; fileRef = 4B53CC7307C0D83B007E636C /* vstplugsmac.h */; };
		4B53CC8507C0D83B007E636C /* vstplugsmacho.h in Headers */ = {isa = PBXBuildFile; fileRef = 4B53CC7407C0D83B007E636C /* vstplugsmacho.h */; };
		4BD637D509E53A5E0019B57C /* Info-macho.plist in Resources */ = {isa = PBXBuildFile; fileRef = 4BD637D409E53A5E0019B57C /* Info-macho.plist */; };
		4BE2E70E09E3F40D009A4D7C /* JackVST.hpp in Headers */ = {isa = PBXBuildFile; fileRef = B2279E6004CD772C00B1A081 /* JackVST.hpp */; };
		4BE2E70F09E3F40D009A4D7C /* BSizeAlign.h in Headers */ = {isa = PBXBuildFile; fileRef = B2CB9AF706F46796002CF3C1 /* BSizeAlign.h */; };
		4BE2E71009E3F40D009A4D7C /* JARInsert.h in Headers */ = {isa = PBXBuildFile; fileRef = B2CB9AF906F46796002CF3C1 /* JARInsert.h */; };
		4BE2E71109E3F40D009A4D7C /* ringbuffer.h in Headers */ = {isa = PBXBuildFile; fileRef = B2CB9AFB06F46796002CF3C1 /* ringbuffer.h */; };
		4BE2E71209E3F40D009A4D7C /* AEffect.h in Headers */ = {isa = PBXBuildFile; fileRef = 4B53CC6407C0D83B007E636C /* AEffect.h */; };
		4BE2E71309E3F40D009A4D7C /* aeffectx.h in Headers */ = {isa = PBXBuildFile; fileRef = 4B53CC6507C0D83B007E636C /* aeffectx.h */; };
		4BE2E71409E3F40D009A4D7C /* AEffEditor.hpp in Headers */ = {isa = PBXBuildFile; fileRef = 4B53CC6607C0D83B007E636C /* AEffEditor.hpp */; };
		4BE2E71509E3F40D009A4D7C /* aeffguieditor.h in Headers */ = {isa = PBXBuildFile; fileRef = 4B53CC6807C0D83B007E636C /* aeffguieditor.h */; };
		4BE2E71609E3F40D009A4D7C /* AudioEffect.hpp in Headers */ = {isa = PBXBuildFile; fileRef = 4B53CC6A07C0D83B007E636C /* AudioEffect.hpp */; };
		4BE2E71709E3F40D009A4D7C /* audioeffectx.h in Headers */ = {isa = PBXBuildFile; fileRef = 4B53CC6C07C0D83B007E636C /* audioeffectx.h */; };
		4BE2E71809E3F40D009A4D7C /* vstcontrols.h in Headers */ = {isa = PBXBuildFile; fileRef = 4B53CC6E07C0D83B007E636C /* vstcontrols.h */; };
		4BE2E71909E3F40D009A4D7C /* vstfxstore.h in Headers */ = {isa = PBXBuildFile; fileRef = 4B53CC6F07C0D83B007E636C /* vstfxstore.h */; };
		4BE2E71A09E3F40D009A4D7C /* vstgui.h in Headers */ = {isa = PBXBuildFile; fileRef = 4B53CC7107C0D83B007E636C /* vstgui.h */; };
		4BE2E71B09E3F40D009A4D7C /* vstplugscarbon.h in Headers */ = {isa = PBXBuildFile; fileRef = 4B53CC7207C0D83B007E636C /* vstplugscarbon.h */; };
		4BE2E71C09E3F40D009A4D7C /* vstplugsmac.h in Headers */ = {isa = PBXBuildFile; fileRef = 4B53CC7307C0D83B007E636C /* vstplugsmac.h */; };
		4BE2E71D09E3F40D009A4D7C /* vstplugsmacho.h in Headers */ = {isa = PBXBuildFile; fileRef = 4B53CC7407C0D83B007E636C /* vstplugsmacho.h */; };
		4BE2E71F09E3F40D009A4D7C /* PkgInfo in Resources */ = {isa = PBXBuildFile; fileRef = B2FF4ECD0529FC02001F90A7 /* PkgInfo */; };
		4BE2E72109E3F40D009A4D7C /* JackVST.cpp in Sources */ = {isa = PBXBuildFile; fileRef = B2279E5F04CD772C00B1A081 /* JackVST.cpp */; };
		4BE2E72209E3F40D009A4D7C /* JackVSTMain.cpp in Sources */ = {isa = PBXBuildFile; fileRef = B2FF4ED20529FE06001F90A7 /* JackVSTMain.cpp */; };
		4BE2E72309E3F40D009A4D7C /* BSizeAlign.cpp in Sources */ = {isa = PBXBuildFile; fileRef = B2CB9AF606F46796002CF3C1 /* BSizeAlign.cpp */; };
		4BE2E72409E3F40D009A4D7C /* JARInsert.cpp in Sources */ = {isa = PBXBuildFile; fileRef = B2CB9AF806F46796002CF3C1 /* JARInsert.cpp */; };
		4BE2E72509E3F40D009A4D7C /* ringbuffer.c in Sources */ = {isa = PBXBuildFile; fileRef = B2CB9AFA06F46796002CF3C1 /* ringbuffer.c */; };
		4BE2E72609E3F40D009A4D7C /* aeffguieditor.cpp in Sources */ = {isa = PBXBuildFile; fileRef = 4B53CC6707C0D83B007E636C /* aeffguieditor.cpp */; };
		4BE2E72709E3F40D009A4D7C /* AudioEffect.cpp in Sources */ = {isa = PBXBuildFile; fileRef = 4B53CC6907C0D83B007E636C /* AudioEffect.cpp */; };
		4BE2E72809E3F40D009A4D7C /* audioeffectx.cpp in Sources */ = {isa = PBXBuildFile; fileRef = 4B53CC6B07C0D83B007E636C /* audioeffectx.cpp */; };
		4BE2E72909E3F40D009A4D7C /* vstcontrols.cpp in Sources */ = {isa = PBXBuildFile; fileRef = 4B53CC6D07C0D83B007E636C /* vstcontrols.cpp */; };
		4BE2E72A09E3F40D009A4D7C /* vstgui.cpp in Sources */ = {isa = PBXBuildFile; fileRef = 4B53CC7007C0D83B007E636C /* vstgui.cpp */; };
		4BE2E72C09E3F40D009A4D7C /* CoreAudio.framework in Frameworks */ = {isa = PBXBuildFile; fileRef = B22EE371052900E3008EDF11 /* CoreAudio.framework */; };
		4BE2E72D09E3F40D009A4D7C /* Carbon.framework in Frameworks */ = {isa = PBXBuildFile; fileRef = B282F7CF04CB1F3900ECBF7F /* Carbon.framework */; };
		4BE2E72E09E3F40D009A4D7C /* Jack.framework in Frameworks */ = {isa = PBXBuildFile; fileRef = B23C897004CB1A7E00F1E491 /* Jack.framework */; };
		4BE2E72F09E3F40D009A4D7C /* QuickTime.framework in Frameworks */ = {isa = PBXBuildFile; fileRef = B2CE54B805CA517B00667293 /* QuickTime.framework */; };
		4BE2E73009E3F40D009A4D7C /* CoreFoundation.framework in Frameworks */ = {isa = PBXBuildFile; fileRef = B2F0252306F4C83200E9C25F /* CoreFoundation.framework */; };
		4BE2E73309E3F40D009A4D7C /* PkgInfo in CopyFiles */ = {isa = PBXBuildFile; fileRef = B2FF4ECD0529FC02001F90A7 /* PkgInfo */; };
		4BE2E73509E3F40D009A4D7C /* PkgInfo in CopyFiles */ = {isa = PBXBuildFile; fileRef = B2FF4ECD0529FC02001F90A7 /* PkgInfo */; };
		B2CB9AFC06F46796002CF3C1 /* BSizeAlign.cpp in Sources */ = {isa = PBXBuildFile; fileRef = B2CB9AF606F46796002CF3C1 /* BSizeAlign.cpp */; };
		B2CB9AFD06F46796002CF3C1 /* BSizeAlign.h in Headers */ = {isa = PBXBuildFile; fileRef = B2CB9AF706F46796002CF3C1 /* BSizeAlign.h */; };
		B2CB9AFE06F46796002CF3C1 /* JARInsert.cpp in Sources */ = {isa = PBXBuildFile; fileRef = B2CB9AF806F46796002CF3C1 /* JARInsert.cpp */; };
		B2CB9AFF06F46796002CF3C1 /* JARInsert.h in Headers */ = {isa = PBXBuildFile; fileRef = B2CB9AF906F46796002CF3C1 /* JARInsert.h */; };
		B2CB9B0006F46796002CF3C1 /* ringbuffer.c in Sources */ = {isa = PBXBuildFile; fileRef = B2CB9AFA06F46796002CF3C1 /* ringbuffer.c */; };
		B2CB9B0106F46796002CF3C1 /* ringbuffer.h in Headers */ = {isa = PBXBuildFile; fileRef = B2CB9AFB06F46796002CF3C1 /* ringbuffer.h */; };
		B2CE543605CA4EE400667293 /* PkgInfo in CopyFiles */ = {isa = PBXBuildFile; fileRef = B2FF4ECD0529FC02001F90A7 /* PkgInfo */; };
		B2CE543C05CA4EF600667293 /* PkgInfo in CopyFiles */ = {isa = PBXBuildFile; fileRef = B2FF4ECD0529FC02001F90A7 /* PkgInfo */; };
		B2CE54B905CA517B00667293 /* QuickTime.framework in Frameworks */ = {isa = PBXBuildFile; fileRef = B2CE54B805CA517B00667293 /* QuickTime.framework */; };
		B2F0252406F4C83200E9C25F /* CoreFoundation.framework in Frameworks */ = {isa = PBXBuildFile; fileRef = B2F0252306F4C83200E9C25F /* CoreFoundation.framework */; };
		B2FF4EC20529FBB0001F90A7 /* JackVST.cpp in Sources */ = {isa = PBXBuildFile; fileRef = B2279E5F04CD772C00B1A081 /* JackVST.cpp */; };
		B2FF4EC30529FBB0001F90A7 /* JackVST.hpp in Headers */ = {isa = PBXBuildFile; fileRef = B2279E6004CD772C00B1A081 /* JackVST.hpp */; };
		B2FF4ECE0529FC02001F90A7 /* PkgInfo in Resources */ = {isa = PBXBuildFile; fileRef = B2FF4ECD0529FC02001F90A7 /* PkgInfo */; };
		B2FF4ECF0529FCE3001F90A7 /* CoreAudio.framework in Frameworks */ = {isa = PBXBuildFile; fileRef = B22EE371052900E3008EDF11 /* CoreAudio.framework */; };
		B2FF4ED00529FCE3001F90A7 /* Carbon.framework in Frameworks */ = {isa = PBXBuildFile; fileRef = B282F7CF04CB1F3900ECBF7F /* Carbon.framework */; };
		B2FF4ED10529FCE4001F90A7 /* Jack.framework in Frameworks */ = {isa = PBXBuildFile; fileRef = B23C897004CB1A7E00F1E491 /* Jack.framework */; };
		B2FF4ED30529FE06001F90A7 /* JackVSTMain.cpp in Sources */ = {isa = PBXBuildFile; fileRef = B2FF4ED20529FE06001F90A7 /* JackVSTMain.cpp */; };
/* End PBXBuildFile section */

/* Begin PBXBuildStyle section */
		014CEA420018CDE011CA2923 /* Development */ = {
			isa = PBXBuildStyle;
			buildSettings = {
				COPY_PHASE_STRIP = NO;
				GCC_DYNAMIC_NO_PIC = NO;
				GCC_ENABLE_FIX_AND_CONTINUE = YES;
				GCC_GENERATE_DEBUGGING_SYMBOLS = YES;
				GCC_OPTIMIZATION_LEVEL = 0;
				OPTIMIZATION_CFLAGS = "-O0";
				ZERO_LINK = YES;
			};
			name = Development;
		};
		014CEA430018CDE011CA2923 /* Deployment */ = {
			isa = PBXBuildStyle;
			buildSettings = {
				COPY_PHASE_STRIP = YES;
				GCC_ENABLE_FIX_AND_CONTINUE = NO;
				ZERO_LINK = NO;
			};
			name = Deployment;
		};
/* End PBXBuildStyle section */

/* Begin PBXBundleTarget section */
		B2FF4EC00529FBA9001F90A7 /* mach-0 */ = {
			isa = PBXBundleTarget;
			buildConfigurationList = 4BE2E70809E3F40D009A4D7C /* Build configuration list for PBXBundleTarget "mach-0" */;
			buildPhases = (
				B2FF4EBB0529FBA9001F90A7 /* Headers */,
				B2FF4EBC0529FBA9001F90A7 /* Resources */,
				B2FF4EBD0529FBA9001F90A7 /* Sources */,
				B2FF4EBE0529FBA9001F90A7 /* Frameworks */,
				B2FF4EBF0529FBA9001F90A7 /* Rez */,
				B2CE543105CA4ECD00667293 /* CopyFiles */,
				B2CE543905CA4EEB00667293 /* CopyFiles */,
			);
			buildSettings = {
				HEADER_SEARCH_PATHS = "../VST-VST_CFM/VSTSDK";
				OPTIMIZATION_CFLAGS = "-O3";
				OTHER_CFLAGS = "-DDEBUG=1";
				OTHER_LDFLAGS = "";
				OTHER_REZFLAGS = "";
				PREFIX_HEADER = vstplugsmacho.h;
				PRODUCT_NAME = "JACK-insert";
				SECTORDER_FLAGS = "";
				WARNING_CFLAGS = (
					"-Wmost",
					"-Wno-four-char-constants",
					"-Wno-unknown-pragmas",
				);
				WRAPPER_EXTENSION = vst;
			};
			dependencies = (
			);
			name = "mach-0";
			productInstallPath = "$(USER_LIBRARY_DIR)/Bundles";
			productName = "mach-0";
			productReference = B2FF4EC10529FBA9001F90A7 /* JACK-insert.vst */;
			productSettingsXML = "<?xml version=\"1.0\" encoding=\"UTF-8\"?>
<!DOCTYPE plist PUBLIC \"-//Apple Computer//DTD PLIST 1.0//EN\" \"http://www.apple.com/DTDs/PropertyList-1.0.dtd\">
<plist version=\"1.0\">
<dict>
	<key>CFBundleDevelopmentRegion</key>
	<string>English</string>
	<key>CFBundleExecutable</key>
	<string>JACK-insert</string>
	<key>CFBundleGetInfoString</key>
	<string>© 03-06, Johnny Petrantoni.</string>
	<key>CFBundleIconFile</key>
	<string></string>
	<key>CFBundleIdentifier</key>
	<string>gpl.jackosx.com.JACK-insert.vst</string>
	<key>CFBundleInfoDictionaryVersion</key>
	<string>6.0</string>
	<key>CFBundleName</key>
	<string>JACK-insert</string>
	<key>CFBundlePackageType</key>
	<string>BNDL</string>
	<key>CFBundleShortVersionString</key>
	<string>1.6.1</string>
	<key>CFBundleSignature</key>
	<string>ElCa</string>
	<key>CFBundleVersion</key>
	<string>1.6.1</string>
</dict>
</plist>
";
		};
/* End PBXBundleTarget section */

/* Begin PBXCopyFilesBuildPhase section */
		4BE2E73209E3F40D009A4D7C /* CopyFiles */ = {
			isa = PBXCopyFilesBuildPhase;
			buildActionMask = 2147483647;
			dstPath = "";
			dstSubfolderSpec = 7;
			files = (
				4BE2E73309E3F40D009A4D7C /* PkgInfo in CopyFiles */,
			);
			runOnlyForDeploymentPostprocessing = 0;
		};
		4BE2E73409E3F40D009A4D7C /* CopyFiles */ = {
			isa = PBXCopyFilesBuildPhase;
			buildActionMask = 2147483647;
			dstPath = ..;
			dstSubfolderSpec = 7;
			files = (
				4BE2E73509E3F40D009A4D7C /* PkgInfo in CopyFiles */,
			);
			runOnlyForDeploymentPostprocessing = 0;
		};
		B2CE543105CA4ECD00667293 /* CopyFiles */ = {
			isa = PBXCopyFilesBuildPhase;
			buildActionMask = 2147483647;
			dstPath = "";
			dstSubfolderSpec = 7;
			files = (
				B2CE543605CA4EE400667293 /* PkgInfo in CopyFiles */,
			);
			runOnlyForDeploymentPostprocessing = 0;
		};
		B2CE543905CA4EEB00667293 /* CopyFiles */ = {
			isa = PBXCopyFilesBuildPhase;
			buildActionMask = 2147483647;
			dstPath = ..;
			dstSubfolderSpec = 7;
			files = (
				B2CE543C05CA4EF600667293 /* PkgInfo in CopyFiles */,
			);
			runOnlyForDeploymentPostprocessing = 0;
		};
/* End PBXCopyFilesBuildPhase section */

/* Begin PBXFileReference section */
		4B53CC6407C0D83B007E636C /* AEffect.h */ = {isa = PBXFileReference; fileEncoding = 30; lastKnownFileType = sourcecode.c.h; path = AEffect.h; sourceTree = "<group>"; };
		4B53CC6507C0D83B007E636C /* aeffectx.h */ = {isa = PBXFileReference; fileEncoding = 30; lastKnownFileType = sourcecode.c.h; path = aeffectx.h; sourceTree = "<group>"; };
		4B53CC6607C0D83B007E636C /* AEffEditor.hpp */ = {isa = PBXFileReference; fileEncoding = 30; lastKnownFileType = sourcecode.cpp.h; path = AEffEditor.hpp; sourceTree = "<group>"; };
		4B53CC6707C0D83B007E636C /* aeffguieditor.cpp */ = {isa = PBXFileReference; fileEncoding = 30; lastKnownFileType = sourcecode.cpp.cpp; path = aeffguieditor.cpp; sourceTree = "<group>"; };
		4B53CC6807C0D83B007E636C /* aeffguieditor.h */ = {isa = PBXFileReference; fileEncoding = 30; lastKnownFileType = sourcecode.c.h; path = aeffguieditor.h; sourceTree = "<group>"; };
		4B53CC6907C0D83B007E636C /* AudioEffect.cpp */ = {isa = PBXFileReference; fileEncoding = 30; lastKnownFileType = sourcecode.cpp.cpp; path = AudioEffect.cpp; sourceTree = "<group>"; };
		4B53CC6A07C0D83B007E636C /* AudioEffect.hpp */ = {isa = PBXFileReference; fileEncoding = 30; lastKnownFileType = sourcecode.cpp.h; path = AudioEffect.hpp; sourceTree = "<group>"; };
		4B53CC6B07C0D83B007E636C /* audioeffectx.cpp */ = {isa = PBXFileReference; fileEncoding = 30; lastKnownFileType = sourcecode.cpp.cpp; path = audioeffectx.cpp; sourceTree = "<group>"; };
		4B53CC6C07C0D83B007E636C /* audioeffectx.h */ = {isa = PBXFileReference; fileEncoding = 30; lastKnownFileType = sourcecode.c.h; path = audioeffectx.h; sourceTree = "<group>"; };
		4B53CC6D07C0D83B007E636C /* vstcontrols.cpp */ = {isa = PBXFileReference; fileEncoding = 30; lastKnownFileType = sourcecode.cpp.cpp; path = vstcontrols.cpp; sourceTree = "<group>"; };
		4B53CC6E07C0D83B007E636C /* vstcontrols.h */ = {isa = PBXFileReference; fileEncoding = 30; lastKnownFileType = sourcecode.c.h; path = vstcontrols.h; sourceTree = "<group>"; };
		4B53CC6F07C0D83B007E636C /* vstfxstore.h */ = {isa = PBXFileReference; fileEncoding = 30; lastKnownFileType = sourcecode.c.h; path = vstfxstore.h; sourceTree = "<group>"; };
		4B53CC7007C0D83B007E636C /* vstgui.cpp */ = {isa = PBXFileReference; fileEncoding = 30; lastKnownFileType = sourcecode.cpp.cpp; path = vstgui.cpp; sourceTree = "<group>"; };
		4B53CC7107C0D83B007E636C /* vstgui.h */ = {isa = PBXFileReference; fileEncoding = 30; lastKnownFileType = sourcecode.c.h; path = vstgui.h; sourceTree = "<group>"; };
		4B53CC7207C0D83B007E636C /* vstplugscarbon.h */ = {isa = PBXFileReference; fileEncoding = 30; lastKnownFileType = sourcecode.c.h; path = vstplugscarbon.h; sourceTree = "<group>"; };
		4B53CC7307C0D83B007E636C /* vstplugsmac.h */ = {isa = PBXFileReference; fileEncoding = 30; lastKnownFileType = sourcecode.c.h; path = vstplugsmac.h; sourceTree = "<group>"; };
		4B53CC7407C0D83B007E636C /* vstplugsmacho.h */ = {isa = PBXFileReference; fileEncoding = 30; lastKnownFileType = sourcecode.c.h; path = vstplugsmacho.h; sourceTree = "<group>"; };
		4BD637D409E53A5E0019B57C /* Info-macho.plist */ = {isa = PBXFileReference; fileEncoding = 30; lastKnownFileType = text.xml; path = "Info-macho.plist"; sourceTree = SOURCE_ROOT; };
		4BE2E73B09E3F40D009A4D7C /* JACK-insert.vst */ = {isa = PBXFileReference; explicitFileType = wrapper.cfbundle; includeInIndex = 0; path = "JACK-insert.vst"; sourceTree = BUILT_PRODUCTS_DIR; };
		B2279E5F04CD772C00B1A081 /* JackVST.cpp */ = {isa = PBXFileReference; fileEncoding = 30; lastKnownFileType = sourcecode.cpp.cpp; path = JackVST.cpp; sourceTree = "<group>"; };
		B2279E6004CD772C00B1A081 /* JackVST.hpp */ = {isa = PBXFileReference; fileEncoding = 30; lastKnownFileType = sourcecode.cpp.h; path = JackVST.hpp; sourceTree = "<group>"; };
		B22EE371052900E3008EDF11 /* CoreAudio.framework */ = {isa = PBXFileReference; lastKnownFileType = wrapper.framework; name = CoreAudio.framework; path = /System/Library/Frameworks/CoreAudio.framework; sourceTree = "<absolute>"; };
		B23C897004CB1A7E00F1E491 /* Jack.framework */ = {isa = PBXFileReference; lastKnownFileType = wrapper.framework; name = Jack.framework; path = /Library/Frameworks/Jack.framework; sourceTree = "<absolute>"; };
		B282F7CF04CB1F3900ECBF7F /* Carbon.framework */ = {isa = PBXFileReference; lastKnownFileType = wrapper.framework; name = Carbon.framework; path = /System/Library/Frameworks/Carbon.framework; sourceTree = "<absolute>"; };
		B2CB9AF606F46796002CF3C1 /* BSizeAlign.cpp */ = {isa = PBXFileReference; fileEncoding = 30; lastKnownFileType = sourcecode.cpp.cpp; name = BSizeAlign.cpp; path = ../JARInsert/BSizeAlign.cpp; sourceTree = SOURCE_ROOT; };
		B2CB9AF706F46796002CF3C1 /* BSizeAlign.h */ = {isa = PBXFileReference; fileEncoding = 30; lastKnownFileType = sourcecode.c.h; name = BSizeAlign.h; path = ../JARInsert/BSizeAlign.h; sourceTree = SOURCE_ROOT; };
		B2CB9AF806F46796002CF3C1 /* JARInsert.cpp */ = {isa = PBXFileReference; fileEncoding = 30; lastKnownFileType = sourcecode.cpp.cpp; name = JARInsert.cpp; path = ../JARInsert/JARInsert.cpp; sourceTree = SOURCE_ROOT; };
		B2CB9AF906F46796002CF3C1 /* JARInsert.h */ = {isa = PBXFileReference; fileEncoding = 30; lastKnownFileType = sourcecode.c.h; name = JARInsert.h; path = ../JARInsert/JARInsert.h; sourceTree = SOURCE_ROOT; };
		B2CB9AFA06F46796002CF3C1 /* ringbuffer.c */ = {isa = PBXFileReference; fileEncoding = 30; lastKnownFileType = sourcecode.c.c; name = ringbuffer.c; path = ../JARInsert/ringbuffer.c; sourceTree = SOURCE_ROOT; };
		B2CB9AFB06F46796002CF3C1 /* ringbuffer.h */ = {isa = PBXFileReference; fileEncoding = 30; lastKnownFileType = sourcecode.c.h; name = ringbuffer.h; path = ../JARInsert/ringbuffer.h; sourceTree = SOURCE_ROOT; };
		B2CE54B805CA517B00667293 /* QuickTime.framework */ = {isa = PBXFileReference; lastKnownFileType = wrapper.framework; name = QuickTime.framework; path = /System/Library/Frameworks/QuickTime.framework; sourceTree = "<absolute>"; };
		B2F0252306F4C83200E9C25F /* CoreFoundation.framework */ = {isa = PBXFileReference; lastKnownFileType = wrapper.framework; name = CoreFoundation.framework; path = /System/Library/Frameworks/CoreFoundation.framework; sourceTree = "<absolute>"; };
		B2FF4EC10529FBA9001F90A7 /* JACK-insert.vst */ = {isa = PBXFileReference; explicitFileType = wrapper.cfbundle; path = "JACK-insert.vst"; sourceTree = BUILT_PRODUCTS_DIR; };
		B2FF4ECD0529FC02001F90A7 /* PkgInfo */ = {isa = PBXFileReference; fileEncoding = 30; lastKnownFileType = text; path = PkgInfo; sourceTree = "<group>"; };
		B2FF4ED20529FE06001F90A7 /* JackVSTMain.cpp */ = {isa = PBXFileReference; fileEncoding = 30; lastKnownFileType = sourcecode.cpp.cpp; path = JackVSTMain.cpp; sourceTree = "<group>"; };
/* End PBXFileReference section */

/* Begin PBXFrameworksBuildPhase section */
		4BE2E72B09E3F40D009A4D7C /* Frameworks */ = {
			isa = PBXFrameworksBuildPhase;
			buildActionMask = 2147483647;
			files = (
				4BE2E72C09E3F40D009A4D7C /* CoreAudio.framework in Frameworks */,
				4BE2E72D09E3F40D009A4D7C /* Carbon.framework in Frameworks */,
				4BE2E72E09E3F40D009A4D7C /* Jack.framework in Frameworks */,
				4BE2E72F09E3F40D009A4D7C /* QuickTime.framework in Frameworks */,
				4BE2E73009E3F40D009A4D7C /* CoreFoundation.framework in Frameworks */,
			);
			runOnlyForDeploymentPostprocessing = 0;
		};
		B2FF4EBE0529FBA9001F90A7 /* Frameworks */ = {
			isa = PBXFrameworksBuildPhase;
			buildActionMask = 2147483647;
			files = (
				B2FF4ECF0529FCE3001F90A7 /* CoreAudio.framework in Frameworks */,
				B2FF4ED00529FCE3001F90A7 /* Carbon.framework in Frameworks */,
				B2FF4ED10529FCE4001F90A7 /* Jack.framework in Frameworks */,
				B2CE54B905CA517B00667293 /* QuickTime.framework in Frameworks */,
				B2F0252406F4C83200E9C25F /* CoreFoundation.framework in Frameworks */,
			);
			runOnlyForDeploymentPostprocessing = 0;
		};
/* End PBXFrameworksBuildPhase section */

/* Begin PBXGroup section */
		089C166AFE841209C02AAC07 /* bundle_test */ = {
			isa = PBXGroup;
			children = (
				4B53CC6307C0D83B007E636C /* VSTSDK */,
				B2FF4ECC0529FBBF001F90A7 /* Resources */,
				08FB77AFFE84173DC02AAC07 /* src */,
				089C1671FE841209C02AAC07 /* Frameworks and Libraries */,
				19C28FB8FE9D52D311CA2CBB /* Products */,
				4BD637D409E53A5E0019B57C /* Info-macho.plist */,
			);
			name = bundle_test;
			sourceTree = "<group>";
		};
		089C1671FE841209C02AAC07 /* Frameworks and Libraries */ = {
			isa = PBXGroup;
			children = (
				B2F0252306F4C83200E9C25F /* CoreFoundation.framework */,
				B2CE54B805CA517B00667293 /* QuickTime.framework */,
				B22EE371052900E3008EDF11 /* CoreAudio.framework */,
				B282F7CF04CB1F3900ECBF7F /* Carbon.framework */,
				B23C897004CB1A7E00F1E491 /* Jack.framework */,
			);
			name = "Frameworks and Libraries";
			sourceTree = "<group>";
		};
		08FB77AFFE84173DC02AAC07 /* src */ = {
			isa = PBXGroup;
			children = (
				B2CB9AF006F46782002CF3C1 /* JARInsertLIB */,
				B2279E5F04CD772C00B1A081 /* JackVST.cpp */,
				B2279E6004CD772C00B1A081 /* JackVST.hpp */,
				B2FF4ED20529FE06001F90A7 /* JackVSTMain.cpp */,
			);
			name = src;
			sourceTree = "<group>";
		};
		19C28FB8FE9D52D311CA2CBB /* Products */ = {
			isa = PBXGroup;
			children = (
				B2FF4EC10529FBA9001F90A7 /* JACK-insert.vst */,
				4BE2E73B09E3F40D009A4D7C /* JACK-insert.vst */,
			);
			name = Products;
			sourceTree = "<group>";
		};
		4B53CC6307C0D83B007E636C /* VSTSDK */ = {
			isa = PBXGroup;
			children = (
				4B53CC6407C0D83B007E636C /* AEffect.h */,
				4B53CC6507C0D83B007E636C /* aeffectx.h */,
				4B53CC6607C0D83B007E636C /* AEffEditor.hpp */,
				4B53CC6707C0D83B007E636C /* aeffguieditor.cpp */,
				4B53CC6807C0D83B007E636C /* aeffguieditor.h */,
				4B53CC6907C0D83B007E636C /* AudioEffect.cpp */,
				4B53CC6A07C0D83B007E636C /* AudioEffect.hpp */,
				4B53CC6B07C0D83B007E636C /* audioeffectx.cpp */,
				4B53CC6C07C0D83B007E636C /* audioeffectx.h */,
				4B53CC6D07C0D83B007E636C /* vstcontrols.cpp */,
				4B53CC6E07C0D83B007E636C /* vstcontrols.h */,
				4B53CC6F07C0D83B007E636C /* vstfxstore.h */,
				4B53CC7007C0D83B007E636C /* vstgui.cpp */,
				4B53CC7107C0D83B007E636C /* vstgui.h */,
				4B53CC7207C0D83B007E636C /* vstplugscarbon.h */,
				4B53CC7307C0D83B007E636C /* vstplugsmac.h */,
				4B53CC7407C0D83B007E636C /* vstplugsmacho.h */,
			);
			name = VSTSDK;
			path = "../VST-VST_CFM/VSTSDK";
			sourceTree = SOURCE_ROOT;
		};
		B2CB9AF006F46782002CF3C1 /* JARInsertLIB */ = {
			isa = PBXGroup;
			children = (
				B2CB9AF606F46796002CF3C1 /* BSizeAlign.cpp */,
				B2CB9AF706F46796002CF3C1 /* BSizeAlign.h */,
				B2CB9AF806F46796002CF3C1 /* JARInsert.cpp */,
				B2CB9AF906F46796002CF3C1 /* JARInsert.h */,
				B2CB9AFA06F46796002CF3C1 /* ringbuffer.c */,
				B2CB9AFB06F46796002CF3C1 /* ringbuffer.h */,
			);
			name = JARInsertLIB;
			sourceTree = "<group>";
		};
		B2FF4ECC0529FBBF001F90A7 /* Resources */ = {
			isa = PBXGroup;
			children = (
				B2FF4ECD0529FC02001F90A7 /* PkgInfo */,
			);
			name = Resources;
			sourceTree = "<group>";
		};
/* End PBXGroup section */

/* Begin PBXHeadersBuildPhase section */
		4BE2E70D09E3F40D009A4D7C /* Headers */ = {
			isa = PBXHeadersBuildPhase;
			buildActionMask = 2147483647;
			files = (
				4BE2E70E09E3F40D009A4D7C /* JackVST.hpp in Headers */,
				4BE2E70F09E3F40D009A4D7C /* BSizeAlign.h in Headers */,
				4BE2E71009E3F40D009A4D7C /* JARInsert.h in Headers */,
				4BE2E71109E3F40D009A4D7C /* ringbuffer.h in Headers */,
				4BE2E71209E3F40D009A4D7C /* AEffect.h in Headers */,
				4BE2E71309E3F40D009A4D7C /* aeffectx.h in Headers */,
				4BE2E71409E3F40D009A4D7C /* AEffEditor.hpp in Headers */,
				4BE2E71509E3F40D009A4D7C /* aeffguieditor.h in Headers */,
				4BE2E71609E3F40D009A4D7C /* AudioEffect.hpp in Headers */,
				4BE2E71709E3F40D009A4D7C /* audioeffectx.h in Headers */,
				4BE2E71809E3F40D009A4D7C /* vstcontrols.h in Headers */,
				4BE2E71909E3F40D009A4D7C /* vstfxstore.h in Headers */,
				4BE2E71A09E3F40D009A4D7C /* vstgui.h in Headers */,
				4BE2E71B09E3F40D009A4D7C /* vstplugscarbon.h in Headers */,
				4BE2E71C09E3F40D009A4D7C /* vstplugsmac.h in Headers */,
				4BE2E71D09E3F40D009A4D7C /* vstplugsmacho.h in Headers */,
			);
			runOnlyForDeploymentPostprocessing = 0;
		};
		B2FF4EBB0529FBA9001F90A7 /* Headers */ = {
			isa = PBXHeadersBuildPhase;
			buildActionMask = 2147483647;
			files = (
				B2FF4EC30529FBB0001F90A7 /* JackVST.hpp in Headers */,
				B2CB9AFD06F46796002CF3C1 /* BSizeAlign.h in Headers */,
				B2CB9AFF06F46796002CF3C1 /* JARInsert.h in Headers */,
				B2CB9B0106F46796002CF3C1 /* ringbuffer.h in Headers */,
				4B53CC7507C0D83B007E636C /* AEffect.h in Headers */,
				4B53CC7607C0D83B007E636C /* aeffectx.h in Headers */,
				4B53CC7707C0D83B007E636C /* AEffEditor.hpp in Headers */,
				4B53CC7907C0D83B007E636C /* aeffguieditor.h in Headers */,
				4B53CC7B07C0D83B007E636C /* AudioEffect.hpp in Headers */,
				4B53CC7D07C0D83B007E636C /* audioeffectx.h in Headers */,
				4B53CC7F07C0D83B007E636C /* vstcontrols.h in Headers */,
				4B53CC8007C0D83B007E636C /* vstfxstore.h in Headers */,
				4B53CC8207C0D83B007E636C /* vstgui.h in Headers */,
				4B53CC8307C0D83B007E636C /* vstplugscarbon.h in Headers */,
				4B53CC8407C0D83B007E636C /* vstplugsmac.h in Headers */,
				4B53CC8507C0D83B007E636C /* vstplugsmacho.h in Headers */,
			);
			runOnlyForDeploymentPostprocessing = 0;
		};
/* End PBXHeadersBuildPhase section */

/* Begin PBXNativeTarget section */
		4BE2E70C09E3F40D009A4D7C /* mach-0 Universal */ = {
			isa = PBXNativeTarget;
			buildConfigurationList = 4BE2E73609E3F40D009A4D7C /* Build configuration list for PBXNativeTarget "mach-0 Universal" */;
			buildPhases = (
				4BE2E70D09E3F40D009A4D7C /* Headers */,
				4BE2E71E09E3F40D009A4D7C /* Resources */,
				4BE2E72009E3F40D009A4D7C /* Sources */,
				4BE2E72B09E3F40D009A4D7C /* Frameworks */,
				4BE2E73109E3F40D009A4D7C /* Rez */,
				4BE2E73209E3F40D009A4D7C /* CopyFiles */,
				4BE2E73409E3F40D009A4D7C /* CopyFiles */,
			);
			buildRules = (
			);
			buildSettings = {
				HEADER_SEARCH_PATHS = "../VST-VST_CFM/VSTSDK";
				OPTIMIZATION_CFLAGS = "-O3";
				OTHER_CFLAGS = "-DDEBUG=1";
				OTHER_LDFLAGS = "";
				OTHER_REZFLAGS = "";
				PREFIX_HEADER = vstplugsmacho.h;
				PRODUCT_NAME = "JACK-insert";
				SECTORDER_FLAGS = "";
				WARNING_CFLAGS = (
					"-Wmost",
					"-Wno-four-char-constants",
					"-Wno-unknown-pragmas",
				);
				WRAPPER_EXTENSION = vst;
			};
			dependencies = (
			);
			name = "mach-0 Universal";
			productInstallPath = "$(USER_LIBRARY_DIR)/Bundles";
			productName = "mach-0";
			productReference = 4BE2E73B09E3F40D009A4D7C /* JACK-insert.vst */;
			productType = "com.apple.product-type.bundle";
		};
/* End PBXNativeTarget section */

/* Begin PBXProject section */
		089C1669FE841209C02AAC07 /* Project object */ = {
			isa = PBXProject;
			buildConfigurationList = 4BE2E73C09E3F40D009A4D7C /* Build configuration list for PBXProject "VST" */;
			buildSettings = {
			};
			buildStyles = (
				014CEA420018CDE011CA2923 /* Development */,
				014CEA430018CDE011CA2923 /* Deployment */,
			);
			hasScannedForEncodings = 1;
			mainGroup = 089C166AFE841209C02AAC07 /* bundle_test */;
			projectDirPath = "";
			targets = (
				B2FF4EC00529FBA9001F90A7 /* mach-0 */,
				4BE2E70C09E3F40D009A4D7C /* mach-0 Universal */,
			);
		};
/* End PBXProject section */

/* Begin PBXResourcesBuildPhase section */
		4BE2E71E09E3F40D009A4D7C /* Resources */ = {
			isa = PBXResourcesBuildPhase;
			buildActionMask = 2147483647;
			files = (
				4BE2E71F09E3F40D009A4D7C /* PkgInfo in Resources */,
			);
			runOnlyForDeploymentPostprocessing = 0;
		};
		B2FF4EBC0529FBA9001F90A7 /* Resources */ = {
			isa = PBXResourcesBuildPhase;
			buildActionMask = 2147483647;
			files = (
				B2FF4ECE0529FC02001F90A7 /* PkgInfo in Resources */,
				4BD637D509E53A5E0019B57C /* Info-macho.plist in Resources */,
			);
			runOnlyForDeploymentPostprocessing = 0;
		};
/* End PBXResourcesBuildPhase section */

/* Begin PBXRezBuildPhase section */
		4BE2E73109E3F40D009A4D7C /* Rez */ = {
			isa = PBXRezBuildPhase;
			buildActionMask = 2147483647;
			files = (
			);
			runOnlyForDeploymentPostprocessing = 0;
		};
		B2FF4EBF0529FBA9001F90A7 /* Rez */ = {
			isa = PBXRezBuildPhase;
			buildActionMask = 2147483647;
			files = (
			);
			runOnlyForDeploymentPostprocessing = 0;
		};
/* End PBXRezBuildPhase section */

/* Begin PBXSourcesBuildPhase section */
		4BE2E72009E3F40D009A4D7C /* Sources */ = {
			isa = PBXSourcesBuildPhase;
			buildActionMask = 2147483647;
			files = (
				4BE2E72109E3F40D009A4D7C /* JackVST.cpp in Sources */,
				4BE2E72209E3F40D009A4D7C /* JackVSTMain.cpp in Sources */,
				4BE2E72309E3F40D009A4D7C /* BSizeAlign.cpp in Sources */,
				4BE2E72409E3F40D009A4D7C /* JARInsert.cpp in Sources */,
				4BE2E72509E3F40D009A4D7C /* ringbuffer.c in Sources */,
				4BE2E72609E3F40D009A4D7C /* aeffguieditor.cpp in Sources */,
				4BE2E72709E3F40D009A4D7C /* AudioEffect.cpp in Sources */,
				4BE2E72809E3F40D009A4D7C /* audioeffectx.cpp in Sources */,
				4BE2E72909E3F40D009A4D7C /* vstcontrols.cpp in Sources */,
				4BE2E72A09E3F40D009A4D7C /* vstgui.cpp in Sources */,
			);
			runOnlyForDeploymentPostprocessing = 0;
		};
		B2FF4EBD0529FBA9001F90A7 /* Sources */ = {
			isa = PBXSourcesBuildPhase;
			buildActionMask = 2147483647;
			files = (
				B2FF4EC20529FBB0001F90A7 /* JackVST.cpp in Sources */,
				B2FF4ED30529FE06001F90A7 /* JackVSTMain.cpp in Sources */,
				B2CB9AFC06F46796002CF3C1 /* BSizeAlign.cpp in Sources */,
				B2CB9AFE06F46796002CF3C1 /* JARInsert.cpp in Sources */,
				B2CB9B0006F46796002CF3C1 /* ringbuffer.c in Sources */,
				4B53CC7807C0D83B007E636C /* aeffguieditor.cpp in Sources */,
				4B53CC7A07C0D83B007E636C /* AudioEffect.cpp in Sources */,
				4B53CC7C07C0D83B007E636C /* audioeffectx.cpp in Sources */,
				4B53CC7E07C0D83B007E636C /* vstcontrols.cpp in Sources */,
				4B53CC8107C0D83B007E636C /* vstgui.cpp in Sources */,
			);
			runOnlyForDeploymentPostprocessing = 0;
		};
/* End PBXSourcesBuildPhase section */

/* Begin XCBuildConfiguration section */
		4BE2E70909E3F40D009A4D7C /* Development */ = {
			isa = XCBuildConfiguration;
			buildSettings = {
				COPY_PHASE_STRIP = NO;
				GCC_DYNAMIC_NO_PIC = NO;
				GCC_ENABLE_FIX_AND_CONTINUE = YES;
				GCC_GENERATE_DEBUGGING_SYMBOLS = YES;
				GCC_OPTIMIZATION_LEVEL = 0;
				HEADER_SEARCH_PATHS = "../VST-VST_CFM/VSTSDK";
				OPTIMIZATION_CFLAGS = "-O0";
				OTHER_CFLAGS = "-DDEBUG=1";
				OTHER_LDFLAGS = "";
				OTHER_REZFLAGS = "";
				PREFIX_HEADER = vstplugsmacho.h;
				PRODUCT_NAME = "JACK-insert";
				SECTORDER_FLAGS = "";
				WARNING_CFLAGS = (
					"-Wmost",
					"-Wno-four-char-constants",
					"-Wno-unknown-pragmas",
				);
				WRAPPER_EXTENSION = vst;
				ZERO_LINK = YES;
			};
			name = Development;
		};
		4BE2E70A09E3F40D009A4D7C /* Deployment */ = {
			isa = XCBuildConfiguration;
			buildSettings = {
				COPY_PHASE_STRIP = YES;
				GCC_ENABLE_FIX_AND_CONTINUE = NO;
				HEADER_SEARCH_PATHS = "../VST-VST_CFM/VSTSDK";
				OPTIMIZATION_CFLAGS = "-O3";
				OTHER_CFLAGS = "-DDEBUG=1";
				OTHER_LDFLAGS = "";
				OTHER_REZFLAGS = "";
				PREFIX_HEADER = vstplugsmacho.h;
				PRODUCT_NAME = "JACK-insert";
				SECTORDER_FLAGS = "";
				WARNING_CFLAGS = (
					"-Wmost",
					"-Wno-four-char-constants",
					"-Wno-unknown-pragmas",
				);
				WRAPPER_EXTENSION = vst;
				ZERO_LINK = NO;
			};
			name = Deployment;
		};
		4BE2E70B09E3F40D009A4D7C /* Default */ = {
			isa = XCBuildConfiguration;
			buildSettings = {
				HEADER_SEARCH_PATHS = "../VST-VST_CFM/VSTSDK";
				OPTIMIZATION_CFLAGS = "-O3";
				OTHER_CFLAGS = "-DDEBUG=1";
				OTHER_LDFLAGS = "";
				OTHER_REZFLAGS = "";
				PREFIX_HEADER = vstplugsmacho.h;
				PRODUCT_NAME = "JACK-insert";
				SECTORDER_FLAGS = "";
				WARNING_CFLAGS = (
					"-Wmost",
					"-Wno-four-char-constants",
					"-Wno-unknown-pragmas",
				);
				WRAPPER_EXTENSION = vst;
			};
			name = Default;
		};
		4BE2E73709E3F40D009A4D7C /* Development */ = {
			isa = XCBuildConfiguration;
			buildSettings = {
				ARCHS = (
					ppc,
					i386,
				);
				COPY_PHASE_STRIP = NO;
				GCC_DYNAMIC_NO_PIC = NO;
				GCC_ENABLE_FIX_AND_CONTINUE = YES;
				GCC_GENERATE_DEBUGGING_SYMBOLS = YES;
				GCC_OPTIMIZATION_LEVEL = 0;
				GCC_PREFIX_HEADER = vstplugsmacho.h;
				GCC_PREPROCESSOR_DEFINITIONS = "DEBUG=1";
				HEADER_SEARCH_PATHS = "../VST-VST_CFM/VSTSDK";
				INFOPLIST_FILE = "Info-macho.plist";
				OTHER_CFLAGS = "";
				OTHER_LDFLAGS = "";
				OTHER_REZFLAGS = "";
				PRODUCT_NAME = "JACK-insert";
				SDKROOT = /Developer/SDKs/MacOSX10.4u.sdk;
				SECTORDER_FLAGS = "";
				WARNING_CFLAGS = (
					"-Wmost",
					"-Wno-four-char-constants",
					"-Wno-unknown-pragmas",
				);
				WRAPPER_EXTENSION = vst;
				ZERO_LINK = YES;
			};
			name = Development;
		};
		4BE2E73809E3F40D009A4D7C /* Deployment */ = {
			isa = XCBuildConfiguration;
			buildSettings = {
				ARCHS = (
					ppc,
					i386,
				);
				COPY_PHASE_STRIP = YES;
				GCC_ENABLE_FIX_AND_CONTINUE = NO;
				GCC_OPTIMIZATION_LEVEL = 3;
				GCC_PREFIX_HEADER = vstplugsmacho.h;
				GCC_PREPROCESSOR_DEFINITIONS = "DEBUG=1";
				HEADER_SEARCH_PATHS = "../VST-VST_CFM/VSTSDK";
				INFOPLIST_FILE = "Info-macho.plist";
				OTHER_CFLAGS = "";
				OTHER_LDFLAGS = "";
				OTHER_REZFLAGS = "";
				PRODUCT_NAME = "JACK-insert";
				SDKROOT = /Developer/SDKs/MacOSX10.4u.sdk;
				SECTORDER_FLAGS = "";
				WARNING_CFLAGS = (
					"-Wmost",
					"-Wno-four-char-constants",
					"-Wno-unknown-pragmas",
				);
				WRAPPER_EXTENSION = vst;
				ZERO_LINK = NO;
			};
			name = Deployment;
		};
		4BE2E73909E3F40D009A4D7C /* Default */ = {
			isa = XCBuildConfiguration;
			buildSettings = {
				ARCHS = (
					ppc,
					i386,
				);
				GCC_OPTIMIZATION_LEVEL = 3;
				GCC_PREFIX_HEADER = vstplugsmacho.h;
				GCC_PREPROCESSOR_DEFINITIONS = "DEBUG=1";
				HEADER_SEARCH_PATHS = "../VST-VST_CFM/VSTSDK";
				INFOPLIST_FILE = "Info-macho.plist";
				OTHER_CFLAGS = "";
				OTHER_LDFLAGS = "";
				OTHER_REZFLAGS = "";
				PRODUCT_NAME = "JACK-insert";
				SDKROOT = /Developer/SDKs/MacOSX10.4u.sdk;
				SECTORDER_FLAGS = "";
				WARNING_CFLAGS = (
					"-Wmost",
					"-Wno-four-char-constants",
					"-Wno-unknown-pragmas",
				);
				WRAPPER_EXTENSION = vst;
			};
			name = Default;
		};
		4BE2E73D09E3F40D009A4D7C /* Development */ = {
			isa = XCBuildConfiguration;
			buildSettings = {
			};
			name = Development;
		};
		4BE2E73E09E3F40D009A4D7C /* Deployment */ = {
			isa = XCBuildConfiguration;
			buildSettings = {
			};
			name = Deployment;
		};
		4BE2E73F09E3F40D009A4D7C /* Default */ = {
			isa = XCBuildConfiguration;
			buildSettings = {
			};
			name = Default;
		};
/* End XCBuildConfiguration section */

/* Begin XCConfigurationList section */
		4BE2E70809E3F40D009A4D7C /* Build configuration list for PBXBundleTarget "mach-0" */ = {
			isa = XCConfigurationList;
			buildConfigurations = (
				4BE2E70909E3F40D009A4D7C /* Development */,
				4BE2E70A09E3F40D009A4D7C /* Deployment */,
				4BE2E70B09E3F40D009A4D7C /* Default */,
			);
			defaultConfigurationIsVisible = 0;
			defaultConfigurationName = Default;
		};
		4BE2E73609E3F40D009A4D7C /* Build configuration list for PBXNativeTarget "mach-0 Universal" */ = {
			isa = XCConfigurationList;
			buildConfigurations = (
				4BE2E73709E3F40D009A4D7C /* Development */,
				4BE2E73809E3F40D009A4D7C /* Deployment */,
				4BE2E73909E3F40D009A4D7C /* Default */,
			);
			defaultConfigurationIsVisible = 0;
			defaultConfigurationName = Default;
		};
		4BE2E73C09E3F40D009A4D7C /* Build configuration list for PBXProject "VST" */ = {
			isa = XCConfigurationList;
			buildConfigurations = (
				4BE2E73D09E3F40D009A4D7C /* Development */,
				4BE2E73E09E3F40D009A4D7C /* Deployment */,
				4BE2E73F09E3F40D009A4D7C /* Default */,
			);
			defaultConfigurationIsVisible = 0;
			defaultConfigurationName = Default;
		};
/* End XCConfigurationList section */
	};
	rootObject = 089C1669FE841209C02AAC07 /* Project object */;
}
