// !$*UTF8*$!
{
	archiveVersion = 1;
	classes = {
	};
	objectVersion = 42;
	objects = {

/* Begin PBXBuildFile section */
		8D11072B0486CEB800E47090 /* InfoPlist.strings in Resources */ = {isa = PBXBuildFile; fileRef = 089C165CFE840E0CC02AAC07 /* InfoPlist.strings */; };
		8D11072D0486CEB800E47090 /* main.m in Sources */ = {isa = PBXBuildFile; fileRef = 29B97316FDCFA39411CA2CEA /* main.m */; settings = {ATTRIBUTES = (); }; };
		8D11072F0486CEB800E47090 /* Cocoa.framework in Frameworks */ = {isa = PBXBuildFile; fileRef = 1058C7A1FEA54F0111CA2CBB /* Cocoa.framework */; };
		EACD2854099B14C40020E255 /* JAAgent.m in Sources */ = {isa = PBXBuildFile; fileRef = EACD2853099B14C40020E255 /* JAAgent.m */; };
		EACD28D2099B7D620020E255 /* Main.nib in Resources */ = {isa = PBXBuildFile; fileRef = EACD28D0099B7D620020E255 /* Main.nib */; };
		EACD2C1B099B913D0020E255 /* disabled.tiff in Resources */ = {isa = PBXBuildFile; fileRef = EACD2C19099B913D0020E255 /* disabled.tiff */; };
		EACD2C1C099B913D0020E255 /* enabled.tiff in Resources */ = {isa = PBXBuildFile; fileRef = EACD2C1A099B913D0020E255 /* enabled.tiff */; };
		EACD2C34099B98E20020E255 /* disabled_highlighted.tiff in Resources */ = {isa = PBXBuildFile; fileRef = EACD2C32099B98E20020E255 /* disabled_highlighted.tiff */; };
		EACD2C35099B98E20020E255 /* enabled_highlighted.tiff in Resources */ = {isa = PBXBuildFile; fileRef = EACD2C33099B98E20020E255 /* enabled_highlighted.tiff */; };
		EACD2CE2099B9AF90020E255 /* Localizable.strings in Resources */ = {isa = PBXBuildFile; fileRef = EACD2CE1099B9AF90020E255 /* Localizable.strings */; };
		EACD2D7E099BA2F10020E255 /* TODO in Resources */ = {isa = PBXBuildFile; fileRef = EACD2D7D099BA2F10020E255 /* TODO */; };
		EACD2EE8099BBE2B0020E255 /* enabled_dimmed.tiff in Resources */ = {isa = PBXBuildFile; fileRef = EACD2EE7099BBE2B0020E255 /* enabled_dimmed.tiff */; };
/* End PBXBuildFile section */

/* Begin PBXFileReference section */
		089C165DFE840E0CC02AAC07 /* English */ = {isa = PBXFileReference; fileEncoding = 10; lastKnownFileType = text.plist.strings; name = English; path = English.lproj/InfoPlist.strings; sourceTree = "<group>"; };
		1058C7A1FEA54F0111CA2CBB /* Cocoa.framework */ = {isa = PBXFileReference; lastKnownFileType = wrapper.framework; name = Cocoa.framework; path = /System/Library/Frameworks/Cocoa.framework; sourceTree = "<absolute>"; };
		29B97316FDCFA39411CA2CEA /* main.m */ = {isa = PBXFileReference; fileEncoding = 4; lastKnownFileType = sourcecode.c.objc; path = main.m; sourceTree = "<group>"; };
		29B97324FDCFA39411CA2CEA /* AppKit.framework */ = {isa = PBXFileReference; lastKnownFileType = wrapper.framework; name = AppKit.framework; path = /System/Library/Frameworks/AppKit.framework; sourceTree = "<absolute>"; };
		29B97325FDCFA39411CA2CEA /* Foundation.framework */ = {isa = PBXFileReference; lastKnownFileType = wrapper.framework; name = Foundation.framework; path = /System/Library/Frameworks/Foundation.framework; sourceTree = "<absolute>"; };
		32CA4F630368D1EE00C91783 /* JackAgent_Prefix.pch */ = {isa = PBXFileReference; fileEncoding = 4; lastKnownFileType = sourcecode.c.h; path = JackAgent_Prefix.pch; sourceTree = "<group>"; };
		8D1107310486CEB800E47090 /* Info.plist */ = {isa = PBXFileReference; fileEncoding = 4; lastKnownFileType = text.plist; path = Info.plist; sourceTree = "<group>"; };
		8D1107320486CEB800E47090 /* JackAgent.app */ = {isa = PBXFileReference; explicitFileType = wrapper.application; includeInIndex = 0; path = JackAgent.app; sourceTree = BUILT_PRODUCTS_DIR; };
		EACD283E099B13B80020E255 /* Jack.framework */ = {isa = PBXFileReference; lastKnownFileType = wrapper.framework; name = Jack.framework; path = /Library/Frameworks/Jack.framework; sourceTree = "<absolute>"; };
		EACD2852099B14C40020E255 /* JAAgent.h */ = {isa = PBXFileReference; fileEncoding = 4; lastKnownFileType = sourcecode.c.h; path = JAAgent.h; sourceTree = "<group>"; };
		EACD2853099B14C40020E255 /* JAAgent.m */ = {isa = PBXFileReference; fileEncoding = 4; lastKnownFileType = sourcecode.c.objc; path = JAAgent.m; sourceTree = "<group>"; };
		EACD28D1099B7D620020E255 /* English */ = {isa = PBXFileReference; lastKnownFileType = wrapper.nib; name = English; path = English.lproj/Main.nib; sourceTree = "<group>"; };
		EACD2C19099B913D0020E255 /* disabled.tiff */ = {isa = PBXFileReference; lastKnownFileType = image.tiff; path = disabled.tiff; sourceTree = "<group>"; };
		EACD2C1A099B913D0020E255 /* enabled.tiff */ = {isa = PBXFileReference; lastKnownFileType = image.tiff; path = enabled.tiff; sourceTree = "<group>"; };
		EACD2C32099B98E20020E255 /* disabled_highlighted.tiff */ = {isa = PBXFileReference; lastKnownFileType = image.tiff; path = disabled_highlighted.tiff; sourceTree = "<group>"; };
		EACD2C33099B98E20020E255 /* enabled_highlighted.tiff */ = {isa = PBXFileReference; lastKnownFileType = image.tiff; path = enabled_highlighted.tiff; sourceTree = "<group>"; };
		EACD2CDF099B9AF50020E255 /* English */ = {isa = PBXFileReference; fileEncoding = 30; lastKnownFileType = text.plist.strings; name = English; path = English.lproj/Localizable.strings; sourceTree = "<group>"; };
		EACD2D7D099BA2F10020E255 /* TODO */ = {isa = PBXFileReference; fileEncoding = 4; lastKnownFileType = text; path = TODO; sourceTree = "<group>"; };
		EACD2EE7099BBE2B0020E255 /* enabled_dimmed.tiff */ = {isa = PBXFileReference; lastKnownFileType = image.tiff; path = enabled_dimmed.tiff; sourceTree = "<group>"; };
/* End PBXFileReference section */

/* Begin PBXFrameworksBuildPhase section */
		8D11072E0486CEB800E47090 /* Frameworks */ = {
			isa = PBXFrameworksBuildPhase;
			buildActionMask = 2147483647;
			files = (
				8D11072F0486CEB800E47090 /* Cocoa.framework in Frameworks */,
			);
			runOnlyForDeploymentPostprocessing = 0;
		};
/* End PBXFrameworksBuildPhase section */

/* Begin PBXGroup section */
		080E96DDFE201D6D7F000001 /* Classes */ = {
			isa = PBXGroup;
			children = (
				EACD2852099B14C40020E255 /* JAAgent.h */,
				EACD2853099B14C40020E255 /* JAAgent.m */,
			);
			name = Classes;
			sourceTree = "<group>";
		};
		1058C7A0FEA54F0111CA2CBB /* Linked Frameworks */ = {
			isa = PBXGroup;
			children = (
				1058C7A1FEA54F0111CA2CBB /* Cocoa.framework */,
				EACD283E099B13B80020E255 /* Jack.framework */,
			);
			name = "Linked Frameworks";
			sourceTree = "<group>";
		};
		1058C7A2FEA54F0111CA2CBB /* Other Frameworks */ = {
			isa = PBXGroup;
			children = (
				29B97324FDCFA39411CA2CEA /* AppKit.framework */,
				29B97325FDCFA39411CA2CEA /* Foundation.framework */,
			);
			name = "Other Frameworks";
			sourceTree = "<group>";
		};
		19C28FACFE9D520D11CA2CBB /* Products */ = {
			isa = PBXGroup;
			children = (
				8D1107320486CEB800E47090 /* JackAgent.app */,
			);
			name = Products;
			sourceTree = "<group>";
		};
		29B97314FDCFA39411CA2CEA /* JackAgent */ = {
			isa = PBXGroup;
			children = (
				EACD2D7D099BA2F10020E255 /* TODO */,
				080E96DDFE201D6D7F000001 /* Classes */,
				29B97315FDCFA39411CA2CEA /* Other Sources */,
				29B97317FDCFA39411CA2CEA /* Resources */,
				29B97323FDCFA39411CA2CEA /* Frameworks */,
				19C28FACFE9D520D11CA2CBB /* Products */,
			);
			name = JackAgent;
			sourceTree = "<group>";
		};
		29B97315FDCFA39411CA2CEA /* Other Sources */ = {
			isa = PBXGroup;
			children = (
				32CA4F630368D1EE00C91783 /* JackAgent_Prefix.pch */,
				29B97316FDCFA39411CA2CEA /* main.m */,
			);
			name = "Other Sources";
			sourceTree = "<group>";
		};
		29B97317FDCFA39411CA2CEA /* Resources */ = {
			isa = PBXGroup;
			children = (
				EACD2C1A099B913D0020E255 /* enabled.tiff */,
				EACD2EE7099BBE2B0020E255 /* enabled_dimmed.tiff */,
				EACD2C33099B98E20020E255 /* enabled_highlighted.tiff */,
				EACD2C19099B913D0020E255 /* disabled.tiff */,
				EACD2C32099B98E20020E255 /* disabled_highlighted.tiff */,
				8D1107310486CEB800E47090 /* Info.plist */,
				089C165CFE840E0CC02AAC07 /* InfoPlist.strings */,
				EACD2CE1099B9AF90020E255 /* Localizable.strings */,
				EACD28D0099B7D620020E255 /* Main.nib */,
			);
			name = Resources;
			sourceTree = "<group>";
		};
		29B97323FDCFA39411CA2CEA /* Frameworks */ = {
			isa = PBXGroup;
			children = (
				1058C7A0FEA54F0111CA2CBB /* Linked Frameworks */,
				1058C7A2FEA54F0111CA2CBB /* Other Frameworks */,
			);
			name = Frameworks;
			sourceTree = "<group>";
		};
/* End PBXGroup section */

/* Begin PBXNativeTarget section */
		8D1107260486CEB800E47090 /* JackAgent */ = {
			isa = PBXNativeTarget;
			buildConfigurationList = C01FCF4A08A954540054247B /* Build configuration list for PBXNativeTarget "JackAgent" */;
			buildPhases = (
				8D1107290486CEB800E47090 /* Resources */,
				8D11072C0486CEB800E47090 /* Sources */,
				8D11072E0486CEB800E47090 /* Frameworks */,
			);
			buildRules = (
			);
			dependencies = (
			);
			name = JackAgent;
			productInstallPath = "$(HOME)/Applications";
			productName = JackAgent;
			productReference = 8D1107320486CEB800E47090 /* JackAgent.app */;
			productType = "com.apple.product-type.application";
		};
/* End PBXNativeTarget section */

/* Begin PBXProject section */
		29B97313FDCFA39411CA2CEA /* Project object */ = {
			isa = PBXProject;
			buildConfigurationList = C01FCF4E08A954540054247B /* Build configuration list for PBXProject "JackAgent" */;
			compatibilityVersion = "Xcode 2.4";
			hasScannedForEncodings = 1;
			mainGroup = 29B97314FDCFA39411CA2CEA /* JackAgent */;
			projectDirPath = "";
			projectRoot = "";
			targets = (
				8D1107260486CEB800E47090 /* JackAgent */,
			);
		};
/* End PBXProject section */

/* Begin PBXResourcesBuildPhase section */
		8D1107290486CEB800E47090 /* Resources */ = {
			isa = PBXResourcesBuildPhase;
			buildActionMask = 2147483647;
			files = (
				8D11072B0486CEB800E47090 /* InfoPlist.strings in Resources */,
				EACD28D2099B7D620020E255 /* Main.nib in Resources */,
				EACD2C1B099B913D0020E255 /* disabled.tiff in Resources */,
				EACD2C1C099B913D0020E255 /* enabled.tiff in Resources */,
				EACD2C34099B98E20020E255 /* disabled_highlighted.tiff in Resources */,
				EACD2C35099B98E20020E255 /* enabled_highlighted.tiff in Resources */,
				EACD2CE2099B9AF90020E255 /* Localizable.strings in Resources */,
				EACD2D7E099BA2F10020E255 /* TODO in Resources */,
				EACD2EE8099BBE2B0020E255 /* enabled_dimmed.tiff in Resources */,
			);
			runOnlyForDeploymentPostprocessing = 0;
		};
/* End PBXResourcesBuildPhase section */

/* Begin PBXSourcesBuildPhase section */
		8D11072C0486CEB800E47090 /* Sources */ = {
			isa = PBXSourcesBuildPhase;
			buildActionMask = 2147483647;
			files = (
				8D11072D0486CEB800E47090 /* main.m in Sources */,
				EACD2854099B14C40020E255 /* JAAgent.m in Sources */,
			);
			runOnlyForDeploymentPostprocessing = 0;
		};
/* End PBXSourcesBuildPhase section */

/* Begin PBXVariantGroup section */
		089C165CFE840E0CC02AAC07 /* InfoPlist.strings */ = {
			isa = PBXVariantGroup;
			children = (
				089C165DFE840E0CC02AAC07 /* English */,
			);
			name = InfoPlist.strings;
			sourceTree = "<group>";
		};
		EACD28D0099B7D620020E255 /* Main.nib */ = {
			isa = PBXVariantGroup;
			children = (
				EACD28D1099B7D620020E255 /* English */,
			);
			name = Main.nib;
			sourceTree = "<group>";
		};
		EACD2CE1099B9AF90020E255 /* Localizable.strings */ = {
			isa = PBXVariantGroup;
			children = (
				EACD2CDF099B9AF50020E255 /* English */,
			);
			name = Localizable.strings;
			sourceTree = "<group>";
		};
/* End PBXVariantGroup section */

/* Begin XCBuildConfiguration section */
		C01FCF4B08A954540054247B /* Debug */ = {
			isa = XCBuildConfiguration;
			buildSettings = {
				COPY_PHASE_STRIP = NO;
				FRAMEWORK_SEARCH_PATHS = /Library/Frameworks;
				GCC_DYNAMIC_NO_PIC = NO;
				GCC_ENABLE_FIX_AND_CONTINUE = YES;
				GCC_MODEL_TUNING = G5;
				GCC_OPTIMIZATION_LEVEL = 0;
				HEADER_SEARCH_PATHS = /usr/local/include;
				INFOPLIST_FILE = Info.plist;
				INSTALL_PATH = "$(HOME)/Applications";
				MACOSX_DEPLOYMENT_TARGET = 10.4;
				OTHER_LDFLAGS = (
					"-weak_framework",
					Jackmp,
				);
				PRODUCT_NAME = JackAgent;
				WRAPPER_EXTENSION = app;
				ZERO_LINK = NO;
			};
			name = Debug;
		};
		C01FCF4C08A954540054247B /* Release */ = {
			isa = XCBuildConfiguration;
			buildSettings = {
				ARCHS = ppc;
				FRAMEWORK_SEARCH_PATHS = /Library/Frameworks;
				GCC_GENERATE_DEBUGGING_SYMBOLS = NO;
				GCC_MODEL_TUNING = G5;
				HEADER_SEARCH_PATHS = /usr/local/include;
				INFOPLIST_FILE = Info.plist;
				INSTALL_PATH = "$(HOME)/Applications";
				MACOSX_DEPLOYMENT_TARGET = 10.4;
				OTHER_LDFLAGS = (
					"-weak_framework",
					Jackmp,
				);
				PRODUCT_NAME = JackAgent;
				WRAPPER_EXTENSION = app;
				ZERO_LINK = NO;
			};
			name = Release;
		};
		C01FCF4F08A954540054247B /* Debug */ = {
			isa = XCBuildConfiguration;
			buildSettings = {
				GCC_WARN_ABOUT_RETURN_TYPE = YES;
				GCC_WARN_UNUSED_VARIABLE = YES;
				PREBINDING = NO;
				SDKROOT = /Developer/SDKs/MacOSX10.4u.sdk;
			};
			name = Debug;
		};
		C01FCF5008A954540054247B /* Release */ = {
			isa = XCBuildConfiguration;
			buildSettings = {
				GCC_WARN_ABOUT_RETURN_TYPE = YES;
				GCC_WARN_UNUSED_VARIABLE = YES;
				PREBINDING = NO;
				SDKROOT = /Developer/SDKs/MacOSX10.4u.sdk;
			};
			name = Release;
		};
/* End XCBuildConfiguration section */

/* Begin XCConfigurationList section */
		C01FCF4A08A954540054247B /* Build configuration list for PBXNativeTarget "JackAgent" */ = {
			isa = XCConfigurationList;
			buildConfigurations = (
				C01FCF4B08A954540054247B /* Debug */,
				C01FCF4C08A954540054247B /* Release */,
			);
			defaultConfigurationIsVisible = 0;
			defaultConfigurationName = Release;
		};
		C01FCF4E08A954540054247B /* Build configuration list for PBXProject "JackAgent" */ = {
			isa = XCConfigurationList;
			buildConfigurations = (
				C01FCF4F08A954540054247B /* Debug */,
				C01FCF5008A954540054247B /* Release */,
			);
			defaultConfigurationIsVisible = 0;
			defaultConfigurationName = Release;
		};
/* End XCConfigurationList section */
	};
	rootObject = 29B97313FDCFA39411CA2CEA /* Project object */;
}
